
Microsoft Visual Studio Solution File, Format Version 12.00
# Visual Studio Version 17
VisualStudioVersion = 17.11.35327.3
MinimumVisualStudioVersion = 10.0.40219.1
Project("{FAE04EC0-301F-11D3-BF4B-00C04F79EFBC}") = "PracticeCSharp", "PracticeCSharp.csproj", "{18575389-3843-45DD-9720-C4250A90DA05}"
EndProject
Global
	GlobalSection(SolutionConfigurationPlatforms) = preSolution
		Debug|Any CPU = Debug|Any CPU
		Release|Any CPU = Release|Any CPU
	EndGlobalSection
	GlobalSection(ProjectConfigurationPlatforms) = postSolution
		{18575389-3843-45DD-9720-C4250A90DA05}.Debug|Any CPU.ActiveCfg = Debug|Any CPU
		{18575389-3843-45DD-9720-C4250A90DA05}.Debug|Any CPU.Build.0 = Debug|Any CPU
		{18575389-3843-45DD-9720-C4250A90DA05}.Release|Any CPU.ActiveCfg = Release|Any CPU
		{18575389-3843-45DD-9720-C4250A90DA05}.Release|Any CPU.Build.0 = Release|Any CPU
	EndGlobalSection
	GlobalSection(SolutionProperties) = preSolution
		HideSolutionNode = FALSE
	EndGlobalSection
	GlobalSection(ExtensibilityGlobals) = postSolution
		SolutionGuid = {3404C7FD-DDEE-4E73-A919-E5B940E0ED6E}
	EndGlobalSection
EndGlobal
